
Microsoft Visual Studio Solution File, Format Version 12.00
# Visual Studio Version 17
VisualStudioVersion = 17.8.34330.188
MinimumVisualStudioVersion = 10.0.40219.1
Project("{FAE04EC0-301F-11D3-BF4B-00C04F79EFBC}") = "backend .net6", "backend .net6\backend .net6.csproj", "{240FC571-6846-4AAF-BC31-1D37320D8D3E}"
EndProject
Global
	GlobalSection(SolutionConfigurationPlatforms) = preSolution
		Debug|Any CPU = Debug|Any CPU
		Release|Any CPU = Release|Any CPU
	EndGlobalSection
	GlobalSection(ProjectConfigurationPlatforms) = postSolution
		{240FC571-6846-4AAF-BC31-1D37320D8D3E}.Debug|Any CPU.ActiveCfg = Debug|Any CPU
		{240FC571-6846-4AAF-BC31-1D37320D8D3E}.Debug|Any CPU.Build.0 = Debug|Any CPU
		{240FC571-6846-4AAF-BC31-1D37320D8D3E}.Release|Any CPU.ActiveCfg = Release|Any CPU
		{240FC571-6846-4AAF-BC31-1D37320D8D3E}.Release|Any CPU.Build.0 = Release|Any CPU
	EndGlobalSection
	GlobalSection(SolutionProperties) = preSolution
		HideSolutionNode = FALSE
	EndGlobalSection
	GlobalSection(ExtensibilityGlobals) = postSolution
		SolutionGuid = {12F282EF-879A-4BF0-ABD9-34B3F1E75775}
	EndGlobalSection
EndGlobal
